# This file is automatically @generated by Cargo.
# It is not intended for manual editing.
version = 3

[[package]]
name = "blueshift_escrow"
version = "0.1.0"
dependencies = [
 "pinocchio 0.6.0",
 "pinocchio-associated-token-account",
 "pinocchio-system",
 "pinocchio-token",
]

[[package]]
name = "five8_const"
version = "0.1.4"
source = "registry+https://github.com/rust-lang/crates.io-index"
checksum = "26dec3da8bc3ef08f2c04f61eab298c3ab334523e55f076354d6d6f613799a7b"
dependencies = [
 "five8_core",
]

[[package]]
name = "five8_core"
version = "0.1.2"
source = "registry+https://github.com/rust-lang/crates.io-index"
checksum = "2551bf44bc5f776c15044b9b94153a00198be06743e262afaaa61f11ac7523a5"

[[package]]
name = "pinocchio"
version = "0.6.0"
source = "registry+https://github.com/rust-lang/crates.io-index"
checksum = "c9f716de2190437efa787dd7414f4bcea88d22c2f81bbeecabb7db6d9cc326bd"

[[package]]
name = "pinocchio"
version = "0.8.4"
source = "registry+https://github.com/rust-lang/crates.io-index"
checksum = "7c33b58567c11b07749cefbb8320ac023f3387c57807aeb8e3b1262501b6e9f0"

[[package]]
name = "pinocchio"
version = "0.9.2"
source = "registry+https://github.com/rust-lang/crates.io-index"
checksum = "5b971851087bc3699b001954ad02389d50c41405ece3548cbcafc88b3e20017a"

[[package]]
name = "pinocchio-associated-token-account"
version = "0.1.1"
source = "registry+https://github.com/rust-lang/crates.io-index"
checksum = "b45fffdec0a1d05199b0f67b6b802be32ffc30a5fe29d222d7653865ca57401c"
dependencies = [
 "pinocchio 0.8.4",
 "pinocchio-pubkey 0.2.4",
]

[[package]]
name = "pinocchio-pubkey"
version = "0.2.4"
source = "registry+https://github.com/rust-lang/crates.io-index"
checksum = "0c6b20fcebc172c3cd3f54114b0241b48fa8e30893ced2eb4927aaba5e3a0ba5"
dependencies = [
 "five8_const",
 "pinocchio 0.8.4",
]

[[package]]
name = "pinocchio-pubkey"
version = "0.3.0"
source = "registry+https://github.com/rust-lang/crates.io-index"
checksum = "cb0225638cadcbebae8932cb7f49cb5da7c15c21beb19f048f05a5ca7d93f065"
dependencies = [
 "five8_const",
 "pinocchio 0.9.2",
 "sha2-const-stable",
]

[[package]]
name = "pinocchio-system"
version = "0.3.0"
source = "registry+https://github.com/rust-lang/crates.io-index"
checksum = "141ed5eafb4ab04568bb0e224e3dc9a9de13c933de4c004e0d1a553498be3a7c"
dependencies = [
 "pinocchio 0.9.2",
 "pinocchio-pubkey 0.3.0",
]

[[package]]
name = "pinocchio-token"
version = "0.3.0"
source = "registry+https://github.com/rust-lang/crates.io-index"
checksum = "7d037f645db5ed4df9163362f1716932feb987a82f70caf15d0259cfeef82f4c"
dependencies = [
 "pinocchio 0.8.4",
 "pinocchio-pubkey 0.2.4",
]

[[package]]
name = "sha2-const-stable"
version = "0.1.0"
source = "registry+https://github.com/rust-lang/crates.io-index"
checksum = "5f179d4e11094a893b82fff208f74d448a7512f99f5a0acbd5c679b705f83ed9"
